// !$*UTF8*$!
{
	archiveVersion = 1;
	classes = {
	};
	objectVersion = 46;
	objects = {

/* Begin PBXBuildFile section */
		D2354B021C22C3B0000AAAED /* main.m in Sources */ = {isa = PBXBuildFile; fileRef = D2354B011C22C3B0000AAAED /* main.m */; };
		D2354B051C22C3B0000AAAED /* AppDelegate.m in Sources */ = {isa = PBXBuildFile; fileRef = D2354B041C22C3B0000AAAED /* AppDelegate.m */; };
		D2354B081C22C3B0000AAAED /* ViewController.m in Sources */ = {isa = PBXBuildFile; fileRef = D2354B071C22C3B0000AAAED /* ViewController.m */; };
		D2354B0B1C22C3B0000AAAED /* Main.storyboard in Resources */ = {isa = PBXBuildFile; fileRef = D2354B091C22C3B0000AAAED /* Main.storyboard */; };
		D2354B0D1C22C3B0000AAAED /* Assets.xcassets in Resources */ = {isa = PBXBuildFile; fileRef = D2354B0C1C22C3B0000AAAED /* Assets.xcassets */; };
		D2354B101C22C3B0000AAAED /* LaunchScreen.storyboard in Resources */ = {isa = PBXBuildFile; fileRef = D2354B0E1C22C3B0000AAAED /* LaunchScreen.storyboard */; };
		D2354B1A1C22C3EE000AAAED /* UIView+INSNibLoading.m in Sources */ = {isa = PBXBuildFile; fileRef = D2354B191C22C3EE000AAAED /* UIView+INSNibLoading.m */; };
		D2354B1D1C22C4B8000AAAED /* CustomView.m in Sources */ = {isa = PBXBuildFile; fileRef = D2354B1C1C22C4B8000AAAED /* CustomView.m */; };
		D2354B1F1C22C4C4000AAAED /* CustomView.xib in Resources */ = {isa = PBXBuildFile; fileRef = D2354B1E1C22C4C4000AAAED /* CustomView.xib */; };
/* End PBXBuildFile section */

/* Begin PBXFileReference section */
		D2354AFD1C22C3B0000AAAED /* INSNibLoading Demo.app */ = {isa = PBXFileReference; explicitFileType = wrapper.application; includeInIndex = 0; path = "INSNibLoading Demo.app"; sourceTree = BUILT_PRODUCTS_DIR; };
		D2354B011C22C3B0000AAAED /* main.m */ = {isa = PBXFileReference; lastKnownFileType = sourcecode.c.objc; path = main.m; sourceTree = "<group>"; };
		D2354B031C22C3B0000AAAED /* AppDelegate.h */ = {isa = PBXFileReference; lastKnownFileType = sourcecode.c.h; path = AppDelegate.h; sourceTree = "<group>"; };
		D2354B041C22C3B0000AAAED /* AppDelegate.m */ = {isa = PBXFileReference; lastKnownFileType = sourcecode.c.objc; path = AppDelegate.m; sourceTree = "<group>"; };
		D2354B061C22C3B0000AAAED /* ViewController.h */ = {isa = PBXFileReference; lastKnownFileType = sourcecode.c.h; path = ViewController.h; sourceTree = "<group>"; };
		D2354B071C22C3B0000AAAED /* ViewController.m */ = {isa = PBXFileReference; lastKnownFileType = sourcecode.c.objc; path = ViewController.m; sourceTree = "<group>"; };
		D2354B0A1C22C3B0000AAAED /* Base */ = {isa = PBXFileReference; lastKnownFileType = file.storyboard; name = Base; path = Base.lproj/Main.storyboard; sourceTree = "<group>"; };
		D2354B0C1C22C3B0000AAAED /* Assets.xcassets */ = {isa = PBXFileReference; lastKnownFileType = folder.assetcatalog; path = Assets.xcassets; sourceTree = "<group>"; };
		D2354B0F1C22C3B0000AAAED /* Base */ = {isa = PBXFileReference; lastKnownFileType = file.storyboard; name = Base; path = Base.lproj/LaunchScreen.storyboard; sourceTree = "<group>"; };
		D2354B111C22C3B0000AAAED /* Info.plist */ = {isa = PBXFileReference; lastKnownFileType = text.plist.xml; path = Info.plist; sourceTree = "<group>"; };
		D2354B181C22C3EE000AAAED /* UIView+INSNibLoading.h */ = {isa = PBXFileReference; fileEncoding = 4; lastKnownFileType = sourcecode.c.h; path = "UIView+INSNibLoading.h"; sourceTree = "<group>"; };
		D2354B191C22C3EE000AAAED /* UIView+INSNibLoading.m */ = {isa = PBXFileReference; fileEncoding = 4; lastKnownFileType = sourcecode.c.objc; path = "UIView+INSNibLoading.m"; sourceTree = "<group>"; };
		D2354B1B1C22C4B8000AAAED /* CustomView.h */ = {isa = PBXFileReference; fileEncoding = 4; lastKnownFileType = sourcecode.c.h; path = CustomView.h; sourceTree = "<group>"; };
		D2354B1C1C22C4B8000AAAED /* CustomView.m */ = {isa = PBXFileReference; fileEncoding = 4; lastKnownFileType = sourcecode.c.objc; path = CustomView.m; sourceTree = "<group>"; };
		D2354B1E1C22C4C4000AAAED /* CustomView.xib */ = {isa = PBXFileReference; fileEncoding = 4; lastKnownFileType = file.xib; path = CustomView.xib; sourceTree = "<group>"; };
/* End PBXFileReference section */

/* Begin PBXFrameworksBuildPhase section */
		D2354AFA1C22C3B0000AAAED /* Frameworks */ = {
			isa = PBXFrameworksBuildPhase;
			buildActionMask = 2147483647;
			files = (
			);
			runOnlyForDeploymentPostprocessing = 0;
		};
/* End PBXFrameworksBuildPhase section */

/* Begin PBXGroup section */
		D2354AF41C22C3B0000AAAED = {
			isa = PBXGroup;
			children = (
				D2354AFF1C22C3B0000AAAED /* INSNibLoading Demo */,
				D2354AFE1C22C3B0000AAAED /* Products */,
			);
			sourceTree = "<group>";
		};
		D2354AFE1C22C3B0000AAAED /* Products */ = {
			isa = PBXGroup;
			children = (
				D2354AFD1C22C3B0000AAAED /* INSNibLoading Demo.app */,
			);
			name = Products;
			sourceTree = "<group>";
		};
		D2354AFF1C22C3B0000AAAED /* INSNibLoading Demo */ = {
			isa = PBXGroup;
			children = (
				D2354B171C22C3EE000AAAED /* iOS */,
				D2354B031C22C3B0000AAAED /* AppDelegate.h */,
				D2354B041C22C3B0000AAAED /* AppDelegate.m */,
				D2354B061C22C3B0000AAAED /* ViewController.h */,
				D2354B071C22C3B0000AAAED /* ViewController.m */,
				D2354B091C22C3B0000AAAED /* Main.storyboard */,
				D2354B0C1C22C3B0000AAAED /* Assets.xcassets */,
				D2354B0E1C22C3B0000AAAED /* LaunchScreen.storyboard */,
				D2354B111C22C3B0000AAAED /* Info.plist */,
				D2354B001C22C3B0000AAAED /* Supporting Files */,
				D2354B1B1C22C4B8000AAAED /* CustomView.h */,
				D2354B1C1C22C4B8000AAAED /* CustomView.m */,
				D2354B1E1C22C4C4000AAAED /* CustomView.xib */,
			);
			path = "INSNibLoading Demo";
			sourceTree = "<group>";
		};
		D2354B001C22C3B0000AAAED /* Supporting Files */ = {
			isa = PBXGroup;
			children = (
				D2354B011C22C3B0000AAAED /* main.m */,
			);
			name = "Supporting Files";
			sourceTree = "<group>";
		};
		D2354B171C22C3EE000AAAED /* iOS */ = {
			isa = PBXGroup;
			children = (
				D2354B181C22C3EE000AAAED /* UIView+INSNibLoading.h */,
				D2354B191C22C3EE000AAAED /* UIView+INSNibLoading.m */,
			);
			name = iOS;
			path = ../../../INSNibLoading/iOS;
			sourceTree = "<group>";
		};
/* End PBXGroup section */

/* Begin PBXNativeTarget section */
		D2354AFC1C22C3B0000AAAED /* INSNibLoading Demo */ = {
			isa = PBXNativeTarget;
			buildConfigurationList = D2354B141C22C3B0000AAAED /* Build configuration list for PBXNativeTarget "INSNibLoading Demo" */;
			buildPhases = (
				D2354AF91C22C3B0000AAAED /* Sources */,
				D2354AFA1C22C3B0000AAAED /* Frameworks */,
				D2354AFB1C22C3B0000AAAED /* Resources */,
			);
			buildRules = (
			);
			dependencies = (
			);
			name = "INSNibLoading Demo";
			productName = "INSNibLoading Demo";
			productReference = D2354AFD1C22C3B0000AAAED /* INSNibLoading Demo.app */;
			productType = "com.apple.product-type.application";
		};
/* End PBXNativeTarget section */

/* Begin PBXProject section */
		D2354AF51C22C3B0000AAAED /* Project object */ = {
			isa = PBXProject;
			attributes = {
				LastUpgradeCheck = 0720;
				ORGANIZATIONNAME = "Inspace Labs Sp z o. o. Spółka Komandytowa";
				TargetAttributes = {
					D2354AFC1C22C3B0000AAAED = {
						CreatedOnToolsVersion = 7.2;
					};
				};
			};
			buildConfigurationList = D2354AF81C22C3B0000AAAED /* Build configuration list for PBXProject "INSNibLoading Demo" */;
			compatibilityVersion = "Xcode 3.2";
			developmentRegion = English;
			hasScannedForEncodings = 0;
			knownRegions = (
				en,
				Base,
			);
			mainGroup = D2354AF41C22C3B0000AAAED;
			productRefGroup = D2354AFE1C22C3B0000AAAED /* Products */;
			projectDirPath = "";
			projectRoot = "";
			targets = (
				D2354AFC1C22C3B0000AAAED /* INSNibLoading Demo */,
			);
		};
/* End PBXProject section */

/* Begin PBXResourcesBuildPhase section */
		D2354AFB1C22C3B0000AAAED /* Resources */ = {
			isa = PBXResourcesBuildPhase;
			buildActionMask = 2147483647;
			files = (
				D2354B101C22C3B0000AAAED /* LaunchScreen.storyboard in Resources */,
				D2354B1F1C22C4C4000AAAED /* CustomView.xib in Resources */,
				D2354B0D1C22C3B0000AAAED /* Assets.xcassets in Resources */,
				D2354B0B1C22C3B0000AAAED /* Main.storyboard in Resources */,
			);
			runOnlyForDeploymentPostprocessing = 0;
		};
/* End PBXResourcesBuildPhase section */

/* Begin PBXSourcesBuildPhase section */
		D2354AF91C22C3B0000AAAED /* Sources */ = {
			isa = PBXSourcesBuildPhase;
			buildActionMask = 2147483647;
			files = (
				D2354B1D1C22C4B8000AAAED /* CustomView.m in Sources */,
				D2354B081C22C3B0000AAAED /* ViewController.m in Sources */,
				D2354B1A1C22C3EE000AAAED /* UIView+INSNibLoading.m in Sources */,
				D2354B051C22C3B0000AAAED /* AppDelegate.m in Sources */,
				D2354B021C22C3B0000AAAED /* main.m in Sources */,
			);
			runOnlyForDeploymentPostprocessing = 0;
		};
/* End PBXSourcesBuildPhase section */

/* Begin PBXVariantGroup section */
		D2354B091C22C3B0000AAAED /* Main.storyboard */ = {
			isa = PBXVariantGroup;
			children = (
				D2354B0A1C22C3B0000AAAED /* Base */,
			);
			name = Main.storyboard;
			sourceTree = "<group>";
		};
		D2354B0E1C22C3B0000AAAED /* LaunchScreen.storyboard */ = {
			isa = PBXVariantGroup;
			children = (
				D2354B0F1C22C3B0000AAAED /* Base */,
			);
			name = LaunchScreen.storyboard;
			sourceTree = "<group>";
		};
/* End PBXVariantGroup section */

/* Begin XCBuildConfiguration section */
		D2354B121C22C3B0000AAAED /* Debug */ = {
			isa = XCBuildConfiguration;
			buildSettings = {
				ALWAYS_SEARCH_USER_PATHS = NO;
				CLANG_CXX_LANGUAGE_STANDARD = "gnu++0x";
				CLANG_CXX_LIBRARY = "libc++";
				CLANG_ENABLE_MODULES = YES;
				CLANG_ENABLE_OBJC_ARC = YES;
				CLANG_WARN_BOOL_CONVERSION = YES;
				CLANG_WARN_CONSTANT_CONVERSION = YES;
				CLANG_WARN_DIRECT_OBJC_ISA_USAGE = YES_ERROR;
				CLANG_WARN_EMPTY_BODY = YES;
				CLANG_WARN_ENUM_CONVERSION = YES;
				CLANG_WARN_INT_CONVERSION = YES;
				CLANG_WARN_OBJC_ROOT_CLASS = YES_ERROR;
				CLANG_WARN_UNREACHABLE_CODE = YES;
				CLANG_WARN__DUPLICATE_METHOD_MATCH = YES;
				"CODE_SIGN_IDENTITY[sdk=iphoneos*]" = "iPhone Developer";
				COPY_PHASE_STRIP = NO;
				DEBUG_INFORMATION_FORMAT = dwarf;
				ENABLE_STRICT_OBJC_MSGSEND = YES;
				ENABLE_TESTABILITY = YES;
				GCC_C_LANGUAGE_STANDARD = gnu99;
				GCC_DYNAMIC_NO_PIC = NO;
				GCC_NO_COMMON_BLOCKS = YES;
				GCC_OPTIMIZATION_LEVEL = 0;
				GCC_PREPROCESSOR_DEFINITIONS = (
					"DEBUG=1",
					"$(inherited)",
				);
				GCC_WARN_64_TO_32_BIT_CONVERSION = YES;
				GCC_WARN_ABOUT_RETURN_TYPE = YES_ERROR;
				GCC_WARN_UNDECLARED_SELECTOR = YES;
				GCC_WARN_UNINITIALIZED_AUTOS = YES_AGGRESSIVE;
				GCC_WARN_UNUSED_FUNCTION = YES;
				GCC_WARN_UNUSED_VARIABLE = YES;
				IPHONEOS_DEPLOYMENT_TARGET = 9.2;
				MTL_ENABLE_DEBUG_INFO = YES;
				ONLY_ACTIVE_ARCH = YES;
				SDKROOT = iphoneos;
			};
			name = Debug;
		};
		D2354B131C22C3B0000AAAED /* Release */ = {
			isa = XCBuildConfiguration;
			buildSettings = {
				ALWAYS_SEARCH_USER_PATHS = NO;
				CLANG_CXX_LANGUAGE_STANDARD = "gnu++0x";
				CLANG_CXX_LIBRARY = "libc++";
				CLANG_ENABLE_MODULES = YES;
				CLANG_ENABLE_OBJC_ARC = YES;
				CLANG_WARN_BOOL_CONVERSION = YES;
				CLANG_WARN_CONSTANT_CONVERSION = YES;
				CLANG_WARN_DIRECT_OBJC_ISA_USAGE = YES_ERROR;
				CLANG_WARN_EMPTY_BODY = YES;
				CLANG_WARN_ENUM_CONVERSION = YES;
				CLANG_WARN_INT_CONVERSION = YES;
				CLANG_WARN_OBJC_ROOT_CLASS = YES_ERROR;
				CLANG_WARN_UNREACHABLE_CODE = YES;
				CLANG_WARN__DUPLICATE_METHOD_MATCH = YES;
				"CODE_SIGN_IDENTITY[sdk=iphoneos*]" = "iPhone Developer";
				COPY_PHASE_STRIP = NO;
				DEBUG_INFORMATION_FORMAT = "dwarf-with-dsym";
				ENABLE_NS_ASSERTIONS = NO;
				ENABLE_STRICT_OBJC_MSGSEND = YES;
				GCC_C_LANGUAGE_STANDARD = gnu99;
				GCC_NO_COMMON_BLOCKS = YES;
				GCC_WARN_64_TO_32_BIT_CONVERSION = YES;
				GCC_WARN_ABOUT_RETURN_TYPE = YES_ERROR;
				GCC_WARN_UNDECLARED_SELECTOR = YES;
				GCC_WARN_UNINITIALIZED_AUTOS = YES_AGGRESSIVE;
				GCC_WARN_UNUSED_FUNCTION = YES;
				GCC_WARN_UNUSED_VARIABLE = YES;
				IPHONEOS_DEPLOYMENT_TARGET = 9.2;
				MTL_ENABLE_DEBUG_INFO = NO;
				SDKROOT = iphoneos;
				VALIDATE_PRODUCT = YES;
			};
			name = Release;
		};
		D2354B151C22C3B0000AAAED /* Debug */ = {
			isa = XCBuildConfiguration;
			buildSettings = {
				ASSETCATALOG_COMPILER_APPICON_NAME = AppIcon;
				INFOPLIST_FILE = "INSNibLoading Demo/Info.plist";
				LD_RUNPATH_SEARCH_PATHS = "$(inherited) @executable_path/Frameworks";
				PRODUCT_BUNDLE_IDENTIFIER = "io.inspace.INSNibLoading-Demo";
				PRODUCT_NAME = "$(TARGET_NAME)";
			};
			name = Debug;
		};
		D2354B161C22C3B0000AAAED /* Release */ = {
			isa = XCBuildConfiguration;
			buildSettings = {
				ASSETCATALOG_COMPILER_APPICON_NAME = AppIcon;
				INFOPLIST_FILE = "INSNibLoading Demo/Info.plist";
				LD_RUNPATH_SEARCH_PATHS = "$(inherited) @executable_path/Frameworks";
				PRODUCT_BUNDLE_IDENTIFIER = "io.inspace.INSNibLoading-Demo";
				PRODUCT_NAME = "$(TARGET_NAME)";
			};
			name = Release;
		};
/* End XCBuildConfiguration section */

/* Begin XCConfigurationList section */
		D2354AF81C22C3B0000AAAED /* Build configuration list for PBXProject "INSNibLoading Demo" */ = {
			isa = XCConfigurationList;
			buildConfigurations = (
				D2354B121C22C3B0000AAAED /* Debug */,
				D2354B131C22C3B0000AAAED /* Release */,
			);
			defaultConfigurationIsVisible = 0;
			defaultConfigurationName = Release;
		};
		D2354B141C22C3B0000AAAED /* Build configuration list for PBXNativeTarget "INSNibLoading Demo" */ = {
			isa = XCConfigurationList;
			buildConfigurations = (
				D2354B151C22C3B0000AAAED /* Debug */,
				D2354B161C22C3B0000AAAED /* Release */,
			);
			defaultConfigurationIsVisible = 0;
		};
/* End XCConfigurationList section */
	};
	rootObject = D2354AF51C22C3B0000AAAED /* Project object */;
}
